
Microsoft Visual Studio Solution File, Format Version 12.00
Project("{FAE04EC0-301F-11D3-BF4B-00C04F79EFBC}") = "seandouganwebsite", "seandouganwebsite\seandouganwebsite.csproj", "{C8DFAE6B-B891-4639-9623-A0ACA56D801D}"
EndProject
Global
	GlobalSection(SolutionConfigurationPlatforms) = preSolution
		Debug|Any CPU = Debug|Any CPU
		Release|Any CPU = Release|Any CPU
	EndGlobalSection
	GlobalSection(ProjectConfigurationPlatforms) = postSolution
		{C8DFAE6B-B891-4639-9623-A0ACA56D801D}.Debug|Any CPU.ActiveCfg = Debug|Any CPU
		{C8DFAE6B-B891-4639-9623-A0ACA56D801D}.Debug|Any CPU.Build.0 = Debug|Any CPU
		{C8DFAE6B-B891-4639-9623-A0ACA56D801D}.Release|Any CPU.ActiveCfg = Release|Any CPU
		{C8DFAE6B-B891-4639-9623-A0ACA56D801D}.Release|Any CPU.Build.0 = Release|Any CPU
	EndGlobalSection
EndGlobal
